// !$*UTF8*$!
{
	archiveVersion = 1;
	classes = {
	};
	objectVersion = 77;
	objects = {

/* Begin PBXBuildFile section */
		B003B2222DDA3AE30000589C /* String+Ext.swift in Sources */ = {isa = PBXBuildFile; fileRef = B003B2212DDA3AE30000589C /* String+Ext.swift */; };
		B003B2242DDA3FB70000589C /* ItemCellView.swift in Sources */ = {isa = PBXBuildFile; fileRef = B003B2232DDA3FB70000589C /* ItemCellView.swift */; };
		B003B2272DDA5E3D0000589C /* EditItemScreen.swift in Sources */ = {isa = PBXBuildFile; fileRef = B003B2262DDA5E3D0000589C /* EditItemScreen.swift */; };
		B003B2292DDA65760000589C /* Binding+Ext.swift in Sources */ = {isa = PBXBuildFile; fileRef = B003B2282DDA65760000589C /* Binding+Ext.swift */; };
		B003B22B2DDA79700000589C /* Date+Ext.swift in Sources */ = {isa = PBXBuildFile; fileRef = B003B22A2DDA79700000589C /* Date+Ext.swift */; };
		B003B22E2DDA7C6F0000589C /* Delay.swift in Sources */ = {isa = PBXBuildFile; fileRef = B003B22D2DDA7C6F0000589C /* Delay.swift */; };
		B057A7072DDC517600018EFD /* ItemsStatsView.swift in Sources */ = {isa = PBXBuildFile; fileRef = B057A7062DDC517600018EFD /* ItemsStatsView.swift */; };
		B057A7092DDC642C00018EFD /* ItemsListView.swift in Sources */ = {isa = PBXBuildFile; fileRef = B057A7082DDC642C00018EFD /* ItemsListView.swift */; };
		B081B43C2DDD2FD60046EA17 /* NotificationManager.swift in Sources */ = {isa = PBXBuildFile; fileRef = B081B43B2DDD2FD60046EA17 /* NotificationManager.swift */; };
		B0B9A3062DDBCBBD0037E574 /* ReminderCellView.swift in Sources */ = {isa = PBXBuildFile; fileRef = B0B9A3052DDBCBBD0037E574 /* ReminderCellView.swift */; };
		B0F2204D2DD9BE1700A8E641 /* RemindersDetailScreen.swift in Sources */ = {isa = PBXBuildFile; fileRef = B0F2204C2DD9BE1700A8E641 /* RemindersDetailScreen.swift */; };
		B0F9C2712DD8DFD90043C5EE /* RemindersListScreen.swift in Sources */ = {isa = PBXBuildFile; fileRef = B0F9C26E2DD8DFD90043C5EE /* RemindersListScreen.swift */; };
		B0F9C2722DD8DFD90043C5EE /* RemindersAppApp.swift in Sources */ = {isa = PBXBuildFile; fileRef = B0F9C26F2DD8DFD90043C5EE /* RemindersAppApp.swift */; };
		B0F9C2732DD8DFD90043C5EE /* Preview Assets.xcassets in Resources */ = {isa = PBXBuildFile; fileRef = B0F9C26B2DD8DFD90043C5EE /* Preview Assets.xcassets */; };
		B0F9C2742DD8DFD90043C5EE /* Assets.xcassets in Resources */ = {isa = PBXBuildFile; fileRef = B0F9C26D2DD8DFD90043C5EE /* Assets.xcassets */; };
		B0F9C2782DD8E3930043C5EE /* NewEditReminderScreen.swift in Sources */ = {isa = PBXBuildFile; fileRef = B0F9C2772DD8E3930043C5EE /* NewEditReminderScreen.swift */; };
		B0F9C27D2DD8E64D0043C5EE /* ColorPickerView.swift in Sources */ = {isa = PBXBuildFile; fileRef = B0F9C27C2DD8E64D0043C5EE /* ColorPickerView.swift */; };
		B0F9C27F2DD90A8A0043C5EE /* ReminderModel.swift in Sources */ = {isa = PBXBuildFile; fileRef = B0F9C27E2DD90A8A0043C5EE /* ReminderModel.swift */; };
		B0F9C2832DD90ADC0043C5EE /* UIColor+Ext.swift in Sources */ = {isa = PBXBuildFile; fileRef = B0F9C2822DD90ADC0043C5EE /* UIColor+Ext.swift */; };
		B0F9C2842DD90ADC0043C5EE /* Color+Ext.swift in Sources */ = {isa = PBXBuildFile; fileRef = B0F9C2812DD90ADC0043C5EE /* Color+Ext.swift */; };
		B0F9C2872DD90CC60043C5EE /* PreviewContainer.swift in Sources */ = {isa = PBXBuildFile; fileRef = B0F9C2862DD90CC60043C5EE /* PreviewContainer.swift */; };
		B0F9C2892DD93ABD0043C5EE /* ItemModel.swift in Sources */ = {isa = PBXBuildFile; fileRef = B0F9C2882DD93ABD0043C5EE /* ItemModel.swift */; };
/* End PBXBuildFile section */

/* Begin PBXFileReference section */
		B003B2212DDA3AE30000589C /* String+Ext.swift */ = {isa = PBXFileReference; lastKnownFileType = sourcecode.swift; path = "String+Ext.swift"; sourceTree = "<group>"; };
		B003B2232DDA3FB70000589C /* ItemCellView.swift */ = {isa = PBXFileReference; lastKnownFileType = sourcecode.swift; path = ItemCellView.swift; sourceTree = "<group>"; };
		B003B2262DDA5E3D0000589C /* EditItemScreen.swift */ = {isa = PBXFileReference; lastKnownFileType = sourcecode.swift; path = EditItemScreen.swift; sourceTree = "<group>"; };
		B003B2282DDA65760000589C /* Binding+Ext.swift */ = {isa = PBXFileReference; lastKnownFileType = sourcecode.swift; path = "Binding+Ext.swift"; sourceTree = "<group>"; };
		B003B22A2DDA79700000589C /* Date+Ext.swift */ = {isa = PBXFileReference; lastKnownFileType = sourcecode.swift; path = "Date+Ext.swift"; sourceTree = "<group>"; };
		B003B22D2DDA7C6F0000589C /* Delay.swift */ = {isa = PBXFileReference; lastKnownFileType = sourcecode.swift; path = Delay.swift; sourceTree = "<group>"; };
		B057A7062DDC517600018EFD /* ItemsStatsView.swift */ = {isa = PBXFileReference; lastKnownFileType = sourcecode.swift; path = ItemsStatsView.swift; sourceTree = "<group>"; };
		B057A7082DDC642C00018EFD /* ItemsListView.swift */ = {isa = PBXFileReference; lastKnownFileType = sourcecode.swift; path = ItemsListView.swift; sourceTree = "<group>"; };
		B081B43B2DDD2FD60046EA17 /* NotificationManager.swift */ = {isa = PBXFileReference; lastKnownFileType = sourcecode.swift; path = NotificationManager.swift; sourceTree = "<group>"; };
		B0B9A3052DDBCBBD0037E574 /* ReminderCellView.swift */ = {isa = PBXFileReference; lastKnownFileType = sourcecode.swift; path = ReminderCellView.swift; sourceTree = "<group>"; };
		B0F2204C2DD9BE1700A8E641 /* RemindersDetailScreen.swift */ = {isa = PBXFileReference; lastKnownFileType = sourcecode.swift; path = RemindersDetailScreen.swift; sourceTree = "<group>"; };
		B0F9C25A2DD8DFAD0043C5EE /* RemindersApp.app */ = {isa = PBXFileReference; explicitFileType = wrapper.application; includeInIndex = 0; path = RemindersApp.app; sourceTree = BUILT_PRODUCTS_DIR; };
		B0F9C26B2DD8DFD90043C5EE /* Preview Assets.xcassets */ = {isa = PBXFileReference; lastKnownFileType = folder.assetcatalog; path = "Preview Assets.xcassets"; sourceTree = "<group>"; };
		B0F9C26D2DD8DFD90043C5EE /* Assets.xcassets */ = {isa = PBXFileReference; lastKnownFileType = folder.assetcatalog; path = Assets.xcassets; sourceTree = "<group>"; };
		B0F9C26E2DD8DFD90043C5EE /* RemindersListScreen.swift */ = {isa = PBXFileReference; lastKnownFileType = sourcecode.swift; path = RemindersListScreen.swift; sourceTree = "<group>"; };
		B0F9C26F2DD8DFD90043C5EE /* RemindersAppApp.swift */ = {isa = PBXFileReference; lastKnownFileType = sourcecode.swift; path = RemindersAppApp.swift; sourceTree = "<group>"; };
		B0F9C2772DD8E3930043C5EE /* NewEditReminderScreen.swift */ = {isa = PBXFileReference; lastKnownFileType = sourcecode.swift; path = NewEditReminderScreen.swift; sourceTree = "<group>"; };
		B0F9C27C2DD8E64D0043C5EE /* ColorPickerView.swift */ = {isa = PBXFileReference; lastKnownFileType = sourcecode.swift; path = ColorPickerView.swift; sourceTree = "<group>"; };
		B0F9C27E2DD90A8A0043C5EE /* ReminderModel.swift */ = {isa = PBXFileReference; lastKnownFileType = sourcecode.swift; path = ReminderModel.swift; sourceTree = "<group>"; };
		B0F9C2812DD90ADC0043C5EE /* Color+Ext.swift */ = {isa = PBXFileReference; lastKnownFileType = sourcecode.swift; path = "Color+Ext.swift"; sourceTree = "<group>"; };
		B0F9C2822DD90ADC0043C5EE /* UIColor+Ext.swift */ = {isa = PBXFileReference; lastKnownFileType = sourcecode.swift; path = "UIColor+Ext.swift"; sourceTree = "<group>"; };
		B0F9C2862DD90CC60043C5EE /* PreviewContainer.swift */ = {isa = PBXFileReference; lastKnownFileType = sourcecode.swift; path = PreviewContainer.swift; sourceTree = "<group>"; };
		B0F9C2882DD93ABD0043C5EE /* ItemModel.swift */ = {isa = PBXFileReference; lastKnownFileType = sourcecode.swift; path = ItemModel.swift; sourceTree = "<group>"; };
/* End PBXFileReference section */

/* Begin PBXFrameworksBuildPhase section */
		B0F9C2572DD8DFAD0043C5EE /* Frameworks */ = {
			isa = PBXFrameworksBuildPhase;
			buildActionMask = 2147483647;
			files = (
			);
			runOnlyForDeploymentPostprocessing = 0;
		};
/* End PBXFrameworksBuildPhase section */

/* Begin PBXGroup section */
		B003B2252DDA3FCF0000589C /* Item */ = {
			isa = PBXGroup;
			children = (
				B057A7082DDC642C00018EFD /* ItemsListView.swift */,
				B003B2232DDA3FB70000589C /* ItemCellView.swift */,
				B003B2262DDA5E3D0000589C /* EditItemScreen.swift */,
				B057A7062DDC517600018EFD /* ItemsStatsView.swift */,
			);
			path = Item;
			sourceTree = "<group>";
		};
		B003B22C2DDA7C5E0000589C /* Utilities */ = {
			isa = PBXGroup;
			children = (
				B003B22D2DDA7C6F0000589C /* Delay.swift */,
			);
			path = Utilities;
			sourceTree = "<group>";
		};
		B081B43D2DDD2FE20046EA17 /* Managers */ = {
			isa = PBXGroup;
			children = (
				B081B43B2DDD2FD60046EA17 /* NotificationManager.swift */,
			);
			path = Managers;
			sourceTree = "<group>";
		};
		B0F2204E2DD9BF1800A8E641 /* Reminder */ = {
			isa = PBXGroup;
			children = (
				B0F9C26E2DD8DFD90043C5EE /* RemindersListScreen.swift */,
				B0F2204C2DD9BE1700A8E641 /* RemindersDetailScreen.swift */,
				B0F9C2772DD8E3930043C5EE /* NewEditReminderScreen.swift */,
				B0B9A3052DDBCBBD0037E574 /* ReminderCellView.swift */,
			);
			path = Reminder;
			sourceTree = "<group>";
		};
		B0F9C2512DD8DFAD0043C5EE = {
			isa = PBXGroup;
			children = (
				B0F9C2702DD8DFD90043C5EE /* RemindersApp */,
				B0F9C25B2DD8DFAD0043C5EE /* Products */,
			);
			sourceTree = "<group>";
		};
		B0F9C25B2DD8DFAD0043C5EE /* Products */ = {
			isa = PBXGroup;
			children = (
				B0F9C25A2DD8DFAD0043C5EE /* RemindersApp.app */,
			);
			name = Products;
			sourceTree = "<group>";
		};
		B0F9C26C2DD8DFD90043C5EE /* Preview Content */ = {
			isa = PBXGroup;
			children = (
				B0F9C26B2DD8DFD90043C5EE /* Preview Assets.xcassets */,
			);
			path = "Preview Content";
			sourceTree = "<group>";
		};
		B0F9C2702DD8DFD90043C5EE /* RemindersApp */ = {
			isa = PBXGroup;
			children = (
				B0F9C26F2DD8DFD90043C5EE /* RemindersAppApp.swift */,
				B081B43D2DDD2FE20046EA17 /* Managers */,
				B0F9C2852DD90C9E0043C5EE /* PreviewContainer */,
				B0F9C2802DD90AD80043C5EE /* Extensions */,
				B003B22C2DDA7C5E0000589C /* Utilities */,
				B0F9C27A2DD8E6060043C5EE /* Models */,
				B0F9C2792DD8E6000043C5EE /* Screens */,
				B0F9C27B2DD8E6250043C5EE /* ReusableViews */,
				B0F9C26C2DD8DFD90043C5EE /* Preview Content */,
				B0F9C26D2DD8DFD90043C5EE /* Assets.xcassets */,
			);
			path = RemindersApp;
			sourceTree = "<group>";
		};
		B0F9C2792DD8E6000043C5EE /* Screens */ = {
			isa = PBXGroup;
			children = (
				B0F2204E2DD9BF1800A8E641 /* Reminder */,
				B003B2252DDA3FCF0000589C /* Item */,
			);
			path = Screens;
			sourceTree = "<group>";
		};
		B0F9C27A2DD8E6060043C5EE /* Models */ = {
			isa = PBXGroup;
			children = (
				B0F9C27E2DD90A8A0043C5EE /* ReminderModel.swift */,
				B0F9C2882DD93ABD0043C5EE /* ItemModel.swift */,
			);
			path = Models;
			sourceTree = "<group>";
		};
		B0F9C27B2DD8E6250043C5EE /* ReusableViews */ = {
			isa = PBXGroup;
			children = (
				B0F9C27C2DD8E64D0043C5EE /* ColorPickerView.swift */,
			);
			path = ReusableViews;
			sourceTree = "<group>";
		};
		B0F9C2802DD90AD80043C5EE /* Extensions */ = {
			isa = PBXGroup;
			children = (
				B0F9C2812DD90ADC0043C5EE /* Color+Ext.swift */,
				B0F9C2822DD90ADC0043C5EE /* UIColor+Ext.swift */,
				B003B2212DDA3AE30000589C /* String+Ext.swift */,
				B003B2282DDA65760000589C /* Binding+Ext.swift */,
				B003B22A2DDA79700000589C /* Date+Ext.swift */,
			);
			path = Extensions;
			sourceTree = "<group>";
		};
		B0F9C2852DD90C9E0043C5EE /* PreviewContainer */ = {
			isa = PBXGroup;
			children = (
				B0F9C2862DD90CC60043C5EE /* PreviewContainer.swift */,
			);
			path = PreviewContainer;
			sourceTree = "<group>";
		};
/* End PBXGroup section */

/* Begin PBXNativeTarget section */
		B0F9C2592DD8DFAD0043C5EE /* RemindersApp */ = {
			isa = PBXNativeTarget;
			buildConfigurationList = B0F9C2682DD8DFAF0043C5EE /* Build configuration list for PBXNativeTarget "RemindersApp" */;
			buildPhases = (
				B0F9C2562DD8DFAD0043C5EE /* Sources */,
				B0F9C2572DD8DFAD0043C5EE /* Frameworks */,
				B0F9C2582DD8DFAD0043C5EE /* Resources */,
			);
			buildRules = (
			);
			dependencies = (
			);
			name = RemindersApp;
			packageProductDependencies = (
			);
			productName = RemindersApp;
			productReference = B0F9C25A2DD8DFAD0043C5EE /* RemindersApp.app */;
			productType = "com.apple.product-type.application";
		};
/* End PBXNativeTarget section */

/* Begin PBXProject section */
		B0F9C2522DD8DFAD0043C5EE /* Project object */ = {
			isa = PBXProject;
			attributes = {
				BuildIndependentTargetsInParallel = 1;
				LastSwiftUpdateCheck = 1620;
				LastUpgradeCheck = 1640;
				TargetAttributes = {
					B0F9C2592DD8DFAD0043C5EE = {
						CreatedOnToolsVersion = 16.2;
					};
				};
			};
			buildConfigurationList = B0F9C2552DD8DFAD0043C5EE /* Build configuration list for PBXProject "RemindersApp" */;
			developmentRegion = en;
			hasScannedForEncodings = 0;
			knownRegions = (
				en,
				Base,
			);
			mainGroup = B0F9C2512DD8DFAD0043C5EE;
			minimizedProjectReferenceProxies = 1;
			preferredProjectObjectVersion = 77;
			productRefGroup = B0F9C25B2DD8DFAD0043C5EE /* Products */;
			projectDirPath = "";
			projectRoot = "";
			targets = (
				B0F9C2592DD8DFAD0043C5EE /* RemindersApp */,
			);
		};
/* End PBXProject section */

/* Begin PBXResourcesBuildPhase section */
		B0F9C2582DD8DFAD0043C5EE /* Resources */ = {
			isa = PBXResourcesBuildPhase;
			buildActionMask = 2147483647;
			files = (
				B0F9C2732DD8DFD90043C5EE /* Preview Assets.xcassets in Resources */,
				B0F9C2742DD8DFD90043C5EE /* Assets.xcassets in Resources */,
			);
			runOnlyForDeploymentPostprocessing = 0;
		};
/* End PBXResourcesBuildPhase section */

/* Begin PBXSourcesBuildPhase section */
		B0F9C2562DD8DFAD0043C5EE /* Sources */ = {
			isa = PBXSourcesBuildPhase;
			buildActionMask = 2147483647;
			files = (
				B0F9C27D2DD8E64D0043C5EE /* ColorPickerView.swift in Sources */,
				B057A7072DDC517600018EFD /* ItemsStatsView.swift in Sources */,
				B081B43C2DDD2FD60046EA17 /* NotificationManager.swift in Sources */,
				B0F9C27F2DD90A8A0043C5EE /* ReminderModel.swift in Sources */,
				B003B2272DDA5E3D0000589C /* EditItemScreen.swift in Sources */,
				B0F9C2712DD8DFD90043C5EE /* RemindersListScreen.swift in Sources */,
				B003B2242DDA3FB70000589C /* ItemCellView.swift in Sources */,
				B003B22E2DDA7C6F0000589C /* Delay.swift in Sources */,
				B0F9C2892DD93ABD0043C5EE /* ItemModel.swift in Sources */,
				B0F9C2782DD8E3930043C5EE /* NewEditReminderScreen.swift in Sources */,
				B0F9C2832DD90ADC0043C5EE /* UIColor+Ext.swift in Sources */,
				B0F9C2842DD90ADC0043C5EE /* Color+Ext.swift in Sources */,
				B003B22B2DDA79700000589C /* Date+Ext.swift in Sources */,
				B057A7092DDC642C00018EFD /* ItemsListView.swift in Sources */,
				B003B2292DDA65760000589C /* Binding+Ext.swift in Sources */,
				B0F2204D2DD9BE1700A8E641 /* RemindersDetailScreen.swift in Sources */,
				B0F9C2872DD90CC60043C5EE /* PreviewContainer.swift in Sources */,
				B0F9C2722DD8DFD90043C5EE /* RemindersAppApp.swift in Sources */,
				B003B2222DDA3AE30000589C /* String+Ext.swift in Sources */,
				B0B9A3062DDBCBBD0037E574 /* ReminderCellView.swift in Sources */,
			);
			runOnlyForDeploymentPostprocessing = 0;
		};
/* End PBXSourcesBuildPhase section */

/* Begin XCBuildConfiguration section */
		B0F9C2662DD8DFAF0043C5EE /* Debug */ = {
			isa = XCBuildConfiguration;
			buildSettings = {
				ALWAYS_SEARCH_USER_PATHS = NO;
				ASSETCATALOG_COMPILER_GENERATE_SWIFT_ASSET_SYMBOL_EXTENSIONS = YES;
				CLANG_ANALYZER_NONNULL = YES;
				CLANG_ANALYZER_NUMBER_OBJECT_CONVERSION = YES_AGGRESSIVE;
				CLANG_CXX_LANGUAGE_STANDARD = "gnu++20";
				CLANG_ENABLE_MODULES = YES;
				CLANG_ENABLE_OBJC_ARC = YES;
				CLANG_ENABLE_OBJC_WEAK = YES;
				CLANG_WARN_BLOCK_CAPTURE_AUTORELEASING = YES;
				CLANG_WARN_BOOL_CONVERSION = YES;
				CLANG_WARN_COMMA = YES;
				CLANG_WARN_CONSTANT_CONVERSION = YES;
				CLANG_WARN_DEPRECATED_OBJC_IMPLEMENTATIONS = YES;
				CLANG_WARN_DIRECT_OBJC_ISA_USAGE = YES_ERROR;
				CLANG_WARN_DOCUMENTATION_COMMENTS = YES;
				CLANG_WARN_EMPTY_BODY = YES;
				CLANG_WARN_ENUM_CONVERSION = YES;
				CLANG_WARN_INFINITE_RECURSION = YES;
				CLANG_WARN_INT_CONVERSION = YES;
				CLANG_WARN_NON_LITERAL_NULL_CONVERSION = YES;
				CLANG_WARN_OBJC_IMPLICIT_RETAIN_SELF = YES;
				CLANG_WARN_OBJC_LITERAL_CONVERSION = YES;
				CLANG_WARN_OBJC_ROOT_CLASS = YES_ERROR;
				CLANG_WARN_QUOTED_INCLUDE_IN_FRAMEWORK_HEADER = YES;
				CLANG_WARN_RANGE_LOOP_ANALYSIS = YES;
				CLANG_WARN_STRICT_PROTOTYPES = YES;
				CLANG_WARN_SUSPICIOUS_MOVE = YES;
				CLANG_WARN_UNGUARDED_AVAILABILITY = YES_AGGRESSIVE;
				CLANG_WARN_UNREACHABLE_CODE = YES;
				CLANG_WARN__DUPLICATE_METHOD_MATCH = YES;
				COPY_PHASE_STRIP = NO;
				DEBUG_INFORMATION_FORMAT = dwarf;
				DEVELOPMENT_TEAM = 95H4F25F77;
				ENABLE_STRICT_OBJC_MSGSEND = YES;
				ENABLE_TESTABILITY = YES;
				ENABLE_USER_SCRIPT_SANDBOXING = YES;
				GCC_C_LANGUAGE_STANDARD = gnu17;
				GCC_DYNAMIC_NO_PIC = NO;
				GCC_NO_COMMON_BLOCKS = YES;
				GCC_OPTIMIZATION_LEVEL = 0;
				GCC_PREPROCESSOR_DEFINITIONS = (
					"DEBUG=1",
					"$(inherited)",
				);
				GCC_WARN_64_TO_32_BIT_CONVERSION = YES;
				GCC_WARN_ABOUT_RETURN_TYPE = YES_ERROR;
				GCC_WARN_UNDECLARED_SELECTOR = YES;
				GCC_WARN_UNINITIALIZED_AUTOS = YES_AGGRESSIVE;
				GCC_WARN_UNUSED_FUNCTION = YES;
				GCC_WARN_UNUSED_VARIABLE = YES;
				IPHONEOS_DEPLOYMENT_TARGET = 18.2;
				LOCALIZATION_PREFERS_STRING_CATALOGS = YES;
				MTL_ENABLE_DEBUG_INFO = INCLUDE_SOURCE;
				MTL_FAST_MATH = YES;
				ONLY_ACTIVE_ARCH = YES;
				SDKROOT = iphoneos;
				SWIFT_ACTIVE_COMPILATION_CONDITIONS = "DEBUG $(inherited)";
				SWIFT_OPTIMIZATION_LEVEL = "-Onone";
			};
			name = Debug;
		};
		B0F9C2672DD8DFAF0043C5EE /* Release */ = {
			isa = XCBuildConfiguration;
			buildSettings = {
				ALWAYS_SEARCH_USER_PATHS = NO;
				ASSETCATALOG_COMPILER_GENERATE_SWIFT_ASSET_SYMBOL_EXTENSIONS = YES;
				CLANG_ANALYZER_NONNULL = YES;
				CLANG_ANALYZER_NUMBER_OBJECT_CONVERSION = YES_AGGRESSIVE;
				CLANG_CXX_LANGUAGE_STANDARD = "gnu++20";
				CLANG_ENABLE_MODULES = YES;
				CLANG_ENABLE_OBJC_ARC = YES;
				CLANG_ENABLE_OBJC_WEAK = YES;
				CLANG_WARN_BLOCK_CAPTURE_AUTORELEASING = YES;
				CLANG_WARN_BOOL_CONVERSION = YES;
				CLANG_WARN_COMMA = YES;
				CLANG_WARN_CONSTANT_CONVERSION = YES;
				CLANG_WARN_DEPRECATED_OBJC_IMPLEMENTATIONS = YES;
				CLANG_WARN_DIRECT_OBJC_ISA_USAGE = YES_ERROR;
				CLANG_WARN_DOCUMENTATION_COMMENTS = YES;
				CLANG_WARN_EMPTY_BODY = YES;
				CLANG_WARN_ENUM_CONVERSION = YES;
				CLANG_WARN_INFINITE_RECURSION = YES;
				CLANG_WARN_INT_CONVERSION = YES;
				CLANG_WARN_NON_LITERAL_NULL_CONVERSION = YES;
				CLANG_WARN_OBJC_IMPLICIT_RETAIN_SELF = YES;
				CLANG_WARN_OBJC_LITERAL_CONVERSION = YES;
				CLANG_WARN_OBJC_ROOT_CLASS = YES_ERROR;
				CLANG_WARN_QUOTED_INCLUDE_IN_FRAMEWORK_HEADER = YES;
				CLANG_WARN_RANGE_LOOP_ANALYSIS = YES;
				CLANG_WARN_STRICT_PROTOTYPES = YES;
				CLANG_WARN_SUSPICIOUS_MOVE = YES;
				CLANG_WARN_UNGUARDED_AVAILABILITY = YES_AGGRESSIVE;
				CLANG_WARN_UNREACHABLE_CODE = YES;
				CLANG_WARN__DUPLICATE_METHOD_MATCH = YES;
				COPY_PHASE_STRIP = NO;
				DEBUG_INFORMATION_FORMAT = "dwarf-with-dsym";
				DEVELOPMENT_TEAM = 95H4F25F77;
				ENABLE_NS_ASSERTIONS = NO;
				ENABLE_STRICT_OBJC_MSGSEND = YES;
				ENABLE_USER_SCRIPT_SANDBOXING = YES;
				GCC_C_LANGUAGE_STANDARD = gnu17;
				GCC_NO_COMMON_BLOCKS = YES;
				GCC_WARN_64_TO_32_BIT_CONVERSION = YES;
				GCC_WARN_ABOUT_RETURN_TYPE = YES_ERROR;
				GCC_WARN_UNDECLARED_SELECTOR = YES;
				GCC_WARN_UNINITIALIZED_AUTOS = YES_AGGRESSIVE;
				GCC_WARN_UNUSED_FUNCTION = YES;
				GCC_WARN_UNUSED_VARIABLE = YES;
				IPHONEOS_DEPLOYMENT_TARGET = 18.2;
				LOCALIZATION_PREFERS_STRING_CATALOGS = YES;
				MTL_ENABLE_DEBUG_INFO = NO;
				MTL_FAST_MATH = YES;
				SDKROOT = iphoneos;
				SWIFT_COMPILATION_MODE = wholemodule;
				VALIDATE_PRODUCT = YES;
			};
			name = Release;
		};
		B0F9C2692DD8DFAF0043C5EE /* Debug */ = {
			isa = XCBuildConfiguration;
			buildSettings = {
				ASSETCATALOG_COMPILER_APPICON_NAME = AppIcon;
				ASSETCATALOG_COMPILER_GLOBAL_ACCENT_COLOR_NAME = AccentColor;
				CODE_SIGN_STYLE = Automatic;
				CURRENT_PROJECT_VERSION = 1;
				DEVELOPMENT_ASSET_PATHS = "\"RemindersApp/Preview Content\"";
				ENABLE_PREVIEWS = YES;
				GENERATE_INFOPLIST_FILE = YES;
				INFOPLIST_KEY_UIApplicationSceneManifest_Generation = YES;
				INFOPLIST_KEY_UIApplicationSupportsIndirectInputEvents = YES;
				INFOPLIST_KEY_UILaunchScreen_Generation = YES;
				INFOPLIST_KEY_UISupportedInterfaceOrientations_iPad = "UIInterfaceOrientationPortrait UIInterfaceOrientationPortraitUpsideDown UIInterfaceOrientationLandscapeLeft UIInterfaceOrientationLandscapeRight";
				INFOPLIST_KEY_UISupportedInterfaceOrientations_iPhone = "UIInterfaceOrientationPortrait UIInterfaceOrientationLandscapeLeft UIInterfaceOrientationLandscapeRight";
				LD_RUNPATH_SEARCH_PATHS = (
					"$(inherited)",
					"@executable_path/Frameworks",
				);
				MARKETING_VERSION = 1.0;
				PRODUCT_BUNDLE_IDENTIFIER = io.linasdev.RemindersApp;
				PRODUCT_NAME = "$(TARGET_NAME)";
				SWIFT_EMIT_LOC_STRINGS = YES;
				SWIFT_VERSION = 5.0;
				TARGETED_DEVICE_FAMILY = "1,2";
			};
			name = Debug;
		};
		B0F9C26A2DD8DFAF0043C5EE /* Release */ = {
			isa = XCBuildConfiguration;
			buildSettings = {
				ASSETCATALOG_COMPILER_APPICON_NAME = AppIcon;
				ASSETCATALOG_COMPILER_GLOBAL_ACCENT_COLOR_NAME = AccentColor;
				CODE_SIGN_STYLE = Automatic;
				CURRENT_PROJECT_VERSION = 1;
				DEVELOPMENT_ASSET_PATHS = "\"RemindersApp/Preview Content\"";
				ENABLE_PREVIEWS = YES;
				GENERATE_INFOPLIST_FILE = YES;
				INFOPLIST_KEY_UIApplicationSceneManifest_Generation = YES;
				INFOPLIST_KEY_UIApplicationSupportsIndirectInputEvents = YES;
				INFOPLIST_KEY_UILaunchScreen_Generation = YES;
				INFOPLIST_KEY_UISupportedInterfaceOrientations_iPad = "UIInterfaceOrientationPortrait UIInterfaceOrientationPortraitUpsideDown UIInterfaceOrientationLandscapeLeft UIInterfaceOrientationLandscapeRight";
				INFOPLIST_KEY_UISupportedInterfaceOrientations_iPhone = "UIInterfaceOrientationPortrait UIInterfaceOrientationLandscapeLeft UIInterfaceOrientationLandscapeRight";
				LD_RUNPATH_SEARCH_PATHS = (
					"$(inherited)",
					"@executable_path/Frameworks",
				);
				MARKETING_VERSION = 1.0;
				PRODUCT_BUNDLE_IDENTIFIER = io.linasdev.RemindersApp;
				PRODUCT_NAME = "$(TARGET_NAME)";
				SWIFT_EMIT_LOC_STRINGS = YES;
				SWIFT_VERSION = 5.0;
				TARGETED_DEVICE_FAMILY = "1,2";
			};
			name = Release;
		};
/* End XCBuildConfiguration section */

/* Begin XCConfigurationList section */
		B0F9C2552DD8DFAD0043C5EE /* Build configuration list for PBXProject "RemindersApp" */ = {
			isa = XCConfigurationList;
			buildConfigurations = (
				B0F9C2662DD8DFAF0043C5EE /* Debug */,
				B0F9C2672DD8DFAF0043C5EE /* Release */,
			);
			defaultConfigurationIsVisible = 0;
			defaultConfigurationName = Release;
		};
		B0F9C2682DD8DFAF0043C5EE /* Build configuration list for PBXNativeTarget "RemindersApp" */ = {
			isa = XCConfigurationList;
			buildConfigurations = (
				B0F9C2692DD8DFAF0043C5EE /* Debug */,
				B0F9C26A2DD8DFAF0043C5EE /* Release */,
			);
			defaultConfigurationIsVisible = 0;
			defaultConfigurationName = Release;
		};
/* End XCConfigurationList section */
	};
	rootObject = B0F9C2522DD8DFAD0043C5EE /* Project object */;
}
